
Microsoft Visual Studio Solution File, Format Version 12.00
# Visual Studio Version 17
VisualStudioVersion = 17.4.33205.214
MinimumVisualStudioVersion = 10.0.40219.1
Project("{9A19103F-16F7-4668-BE54-9A1E7A4F7556}") = "DevFramework.Core", "DevFramework.Core\DevFramework.Core.csproj", "{CE5C91A7-4D20-4AEA-8693-34955B046ADC}"
EndProject
Project("{9A19103F-16F7-4668-BE54-9A1E7A4F7556}") = "DevFramework.Northwind.Entites", "DevFramework.Northwind.Entites\DevFramework.Northwind.Entites.csproj", "{DC85CFD6-5B66-47D5-B910-80984B920C5D}"
EndProject
Project("{9A19103F-16F7-4668-BE54-9A1E7A4F7556}") = "DevFramework.Northwind.DataAccess", "DevFramework.Northwind.DataAccess\DevFramework.Northwind.DataAccess.csproj", "{034FA63B-6153-4825-9DD1-A061544AD365}"
EndProject
Project("{9A19103F-16F7-4668-BE54-9A1E7A4F7556}") = "DevFramework.Northwind.Business", "DevFramework.Northwind.Business\DevFramework.Northwind.Business.csproj", "{3E20494E-A722-40D2-877B-984B19E4051D}"
EndProject
Project("{FAE04EC0-301F-11D3-BF4B-00C04F79EFBC}") = "DevFramework.Northwind.MvcWebUI", "DevFramework.Northwind.MvcWebUI\DevFramework.Northwind.MvcWebUI.csproj", "{BB20E120-6D0E-4197-AD3C-4A412FBFCBFC}"
EndProject
Project("{FAE04EC0-301F-11D3-BF4B-00C04F79EFBC}") = "DevFramework.Northwind.MvcWebUI.Tests", "DevFramework.Northwind.MvcWebUI.Tests\DevFramework.Northwind.MvcWebUI.Tests.csproj", "{A6153CB1-AC99-4775-8B45-13E350BB00CD}"
EndProject
Project("{FAE04EC0-301F-11D3-BF4B-00C04F79EFBC}") = "DevFramework.DataAccess.Tests", "DevFramework.DataAccess.Tests\DevFramework.DataAccess.Tests.csproj", "{FE3521CB-0C5C-44CB-9020-D472E4A2D77F}"
EndProject
Project("{FAE04EC0-301F-11D3-BF4B-00C04F79EFBC}") = "DevFramework.Northwind.Business.Tests", "DevFramework.Northwind.Business.Tests\DevFramework.Northwind.Business.Tests.csproj", "{FDCD863A-CAAE-49B4-AC81-2D56B3FE2F09}"
EndProject
Project("{FAE04EC0-301F-11D3-BF4B-00C04F79EFBC}") = "DevFramework.Northwind.WebApi", "DevFramework.Northwind.WebApi\DevFramework.Northwind.WebApi.csproj", "{E9ECC752-AF3F-45E7-9F84-7A95C9B0F094}"
EndProject
Project("{E24C65DC-7377-472B-9ABA-BC803B73C61A}") = "DevFramework.Northwind.WcfService", "DevFramework.Northwind.WcfService\", "{C9B9EE79-5BB6-42B3-B4A0-3F99916DDC94}"
	ProjectSection(WebsiteProperties) = preProject
		TargetFrameworkMoniker = ".NETFramework,Version%3Dv4.7.2"
		Debug.AspNetCompiler.VirtualPath = "/localhost_60275"
		Debug.AspNetCompiler.PhysicalPath = "DevFramework.Northwind.WcfService\"
		Debug.AspNetCompiler.TargetPath = "PrecompiledWeb\localhost_60275\"
		Debug.AspNetCompiler.Updateable = "true"
		Debug.AspNetCompiler.ForceOverwrite = "true"
		Debug.AspNetCompiler.FixedNames = "false"
		Debug.AspNetCompiler.Debug = "True"
		Release.AspNetCompiler.VirtualPath = "/localhost_60275"
		Release.AspNetCompiler.PhysicalPath = "DevFramework.Northwind.WcfService\"
		Release.AspNetCompiler.TargetPath = "PrecompiledWeb\localhost_60275\"
		Release.AspNetCompiler.Updateable = "true"
		Release.AspNetCompiler.ForceOverwrite = "true"
		Release.AspNetCompiler.FixedNames = "false"
		Release.AspNetCompiler.Debug = "False"
		VWDPort = "60275"
		DefaultWebSiteLanguage = "Visual C#"
	EndProjectSection
EndProject
Global
	GlobalSection(SolutionConfigurationPlatforms) = preSolution
		Debug|Any CPU = Debug|Any CPU
		Release|Any CPU = Release|Any CPU
	EndGlobalSection
	GlobalSection(ProjectConfigurationPlatforms) = postSolution
		{CE5C91A7-4D20-4AEA-8693-34955B046ADC}.Debug|Any CPU.ActiveCfg = Debug|Any CPU
		{CE5C91A7-4D20-4AEA-8693-34955B046ADC}.Debug|Any CPU.Build.0 = Debug|Any CPU
		{CE5C91A7-4D20-4AEA-8693-34955B046ADC}.Release|Any CPU.ActiveCfg = Release|Any CPU
		{CE5C91A7-4D20-4AEA-8693-34955B046ADC}.Release|Any CPU.Build.0 = Release|Any CPU
		{DC85CFD6-5B66-47D5-B910-80984B920C5D}.Debug|Any CPU.ActiveCfg = Debug|Any CPU
		{DC85CFD6-5B66-47D5-B910-80984B920C5D}.Debug|Any CPU.Build.0 = Debug|Any CPU
		{DC85CFD6-5B66-47D5-B910-80984B920C5D}.Release|Any CPU.ActiveCfg = Release|Any CPU
		{DC85CFD6-5B66-47D5-B910-80984B920C5D}.Release|Any CPU.Build.0 = Release|Any CPU
		{034FA63B-6153-4825-9DD1-A061544AD365}.Debug|Any CPU.ActiveCfg = Debug|Any CPU
		{034FA63B-6153-4825-9DD1-A061544AD365}.Debug|Any CPU.Build.0 = Debug|Any CPU
		{034FA63B-6153-4825-9DD1-A061544AD365}.Release|Any CPU.ActiveCfg = Release|Any CPU
		{034FA63B-6153-4825-9DD1-A061544AD365}.Release|Any CPU.Build.0 = Release|Any CPU
		{3E20494E-A722-40D2-877B-984B19E4051D}.Debug|Any CPU.ActiveCfg = Debug|Any CPU
		{3E20494E-A722-40D2-877B-984B19E4051D}.Debug|Any CPU.Build.0 = Debug|Any CPU
		{3E20494E-A722-40D2-877B-984B19E4051D}.Release|Any CPU.ActiveCfg = Release|Any CPU
		{3E20494E-A722-40D2-877B-984B19E4051D}.Release|Any CPU.Build.0 = Release|Any CPU
		{BB20E120-6D0E-4197-AD3C-4A412FBFCBFC}.Debug|Any CPU.ActiveCfg = Debug|Any CPU
		{BB20E120-6D0E-4197-AD3C-4A412FBFCBFC}.Debug|Any CPU.Build.0 = Debug|Any CPU
		{BB20E120-6D0E-4197-AD3C-4A412FBFCBFC}.Release|Any CPU.ActiveCfg = Release|Any CPU
		{BB20E120-6D0E-4197-AD3C-4A412FBFCBFC}.Release|Any CPU.Build.0 = Release|Any CPU
		{A6153CB1-AC99-4775-8B45-13E350BB00CD}.Debug|Any CPU.ActiveCfg = Debug|Any CPU
		{A6153CB1-AC99-4775-8B45-13E350BB00CD}.Debug|Any CPU.Build.0 = Debug|Any CPU
		{A6153CB1-AC99-4775-8B45-13E350BB00CD}.Release|Any CPU.ActiveCfg = Release|Any CPU
		{A6153CB1-AC99-4775-8B45-13E350BB00CD}.Release|Any CPU.Build.0 = Release|Any CPU
		{FE3521CB-0C5C-44CB-9020-D472E4A2D77F}.Debug|Any CPU.ActiveCfg = Debug|Any CPU
		{FE3521CB-0C5C-44CB-9020-D472E4A2D77F}.Debug|Any CPU.Build.0 = Debug|Any CPU
		{FE3521CB-0C5C-44CB-9020-D472E4A2D77F}.Release|Any CPU.ActiveCfg = Release|Any CPU
		{FE3521CB-0C5C-44CB-9020-D472E4A2D77F}.Release|Any CPU.Build.0 = Release|Any CPU
		{FDCD863A-CAAE-49B4-AC81-2D56B3FE2F09}.Debug|Any CPU.ActiveCfg = Debug|Any CPU
		{FDCD863A-CAAE-49B4-AC81-2D56B3FE2F09}.Debug|Any CPU.Build.0 = Debug|Any CPU
		{FDCD863A-CAAE-49B4-AC81-2D56B3FE2F09}.Release|Any CPU.ActiveCfg = Release|Any CPU
		{FDCD863A-CAAE-49B4-AC81-2D56B3FE2F09}.Release|Any CPU.Build.0 = Release|Any CPU
		{E9ECC752-AF3F-45E7-9F84-7A95C9B0F094}.Debug|Any CPU.ActiveCfg = Debug|Any CPU
		{E9ECC752-AF3F-45E7-9F84-7A95C9B0F094}.Debug|Any CPU.Build.0 = Debug|Any CPU
		{E9ECC752-AF3F-45E7-9F84-7A95C9B0F094}.Release|Any CPU.ActiveCfg = Release|Any CPU
		{E9ECC752-AF3F-45E7-9F84-7A95C9B0F094}.Release|Any CPU.Build.0 = Release|Any CPU
		{C9B9EE79-5BB6-42B3-B4A0-3F99916DDC94}.Debug|Any CPU.ActiveCfg = Debug|Any CPU
		{C9B9EE79-5BB6-42B3-B4A0-3F99916DDC94}.Debug|Any CPU.Build.0 = Debug|Any CPU
		{C9B9EE79-5BB6-42B3-B4A0-3F99916DDC94}.Release|Any CPU.ActiveCfg = Debug|Any CPU
		{C9B9EE79-5BB6-42B3-B4A0-3F99916DDC94}.Release|Any CPU.Build.0 = Debug|Any CPU
	EndGlobalSection
	GlobalSection(SolutionProperties) = preSolution
		HideSolutionNode = FALSE
	EndGlobalSection
	GlobalSection(ExtensibilityGlobals) = postSolution
		SolutionGuid = {9E3BDEE1-54E8-4573-9582-095AA20C53C8}
	EndGlobalSection
EndGlobal
